// !$*UTF8*$!
{
	archiveVersion = 1;
	classes = {
	};
	objectVersion = 50;
	objects = {

/* Begin PBXBuildFile section */
		5885B92D260413D80027EE52 /* PFPageControl.framework in Frameworks */ = {isa = PBXBuildFile; fileRef = 5885B923260413D70027EE52 /* PFPageControl.framework */; };
		5885B932260413D80027EE52 /* PFPageControlTests.swift in Sources */ = {isa = PBXBuildFile; fileRef = 5885B931260413D80027EE52 /* PFPageControlTests.swift */; };
		5885B934260413D80027EE52 /* PFPageControl.h in Headers */ = {isa = PBXBuildFile; fileRef = 5885B926260413D70027EE52 /* PFPageControl.h */; settings = {ATTRIBUTES = (Public, ); }; };
		5885B946260414670027EE52 /* AppDelegate.swift in Sources */ = {isa = PBXBuildFile; fileRef = 5885B945260414670027EE52 /* AppDelegate.swift */; };
		5885B948260414670027EE52 /* SceneDelegate.swift in Sources */ = {isa = PBXBuildFile; fileRef = 5885B947260414670027EE52 /* SceneDelegate.swift */; };
		5885B94A260414670027EE52 /* ViewController.swift in Sources */ = {isa = PBXBuildFile; fileRef = 5885B949260414670027EE52 /* ViewController.swift */; };
		5885B94D260414670027EE52 /* Main.storyboard in Resources */ = {isa = PBXBuildFile; fileRef = 5885B94B260414670027EE52 /* Main.storyboard */; };
		5885B94F260414690027EE52 /* Assets.xcassets in Resources */ = {isa = PBXBuildFile; fileRef = 5885B94E260414690027EE52 /* Assets.xcassets */; };
		5885B952260414690027EE52 /* LaunchScreen.storyboard in Resources */ = {isa = PBXBuildFile; fileRef = 5885B950260414690027EE52 /* LaunchScreen.storyboard */; };
/* End PBXBuildFile section */

/* Begin PBXContainerItemProxy section */
		5885B92E260413D80027EE52 /* PBXContainerItemProxy */ = {
			isa = PBXContainerItemProxy;
			containerPortal = 5885B91A260413D70027EE52 /* Project object */;
			proxyType = 1;
			remoteGlobalIDString = 5885B922260413D70027EE52;
			remoteInfo = PFPageControl;
		};
/* End PBXContainerItemProxy section */

/* Begin PBXFileReference section */
		5885B923260413D70027EE52 /* PFPageControl.framework */ = {isa = PBXFileReference; explicitFileType = wrapper.framework; includeInIndex = 0; path = PFPageControl.framework; sourceTree = BUILT_PRODUCTS_DIR; };
		5885B926260413D70027EE52 /* PFPageControl.h */ = {isa = PBXFileReference; lastKnownFileType = sourcecode.c.h; path = PFPageControl.h; sourceTree = "<group>"; };
		5885B927260413D70027EE52 /* Info.plist */ = {isa = PBXFileReference; lastKnownFileType = text.plist.xml; path = Info.plist; sourceTree = "<group>"; };
		5885B92C260413D80027EE52 /* PFPageControlTests.xctest */ = {isa = PBXFileReference; explicitFileType = wrapper.cfbundle; includeInIndex = 0; path = PFPageControlTests.xctest; sourceTree = BUILT_PRODUCTS_DIR; };
		5885B931260413D80027EE52 /* PFPageControlTests.swift */ = {isa = PBXFileReference; lastKnownFileType = sourcecode.swift; path = PFPageControlTests.swift; sourceTree = "<group>"; };
		5885B933260413D80027EE52 /* Info.plist */ = {isa = PBXFileReference; lastKnownFileType = text.plist.xml; path = Info.plist; sourceTree = "<group>"; };
		5885B943260414670027EE52 /* PFPageControlExamples.app */ = {isa = PBXFileReference; explicitFileType = wrapper.application; includeInIndex = 0; path = PFPageControlExamples.app; sourceTree = BUILT_PRODUCTS_DIR; };
		5885B945260414670027EE52 /* AppDelegate.swift */ = {isa = PBXFileReference; lastKnownFileType = sourcecode.swift; path = AppDelegate.swift; sourceTree = "<group>"; };
		5885B947260414670027EE52 /* SceneDelegate.swift */ = {isa = PBXFileReference; lastKnownFileType = sourcecode.swift; path = SceneDelegate.swift; sourceTree = "<group>"; };
		5885B949260414670027EE52 /* ViewController.swift */ = {isa = PBXFileReference; lastKnownFileType = sourcecode.swift; path = ViewController.swift; sourceTree = "<group>"; };
		5885B94C260414670027EE52 /* Base */ = {isa = PBXFileReference; lastKnownFileType = file.storyboard; name = Base; path = Base.lproj/Main.storyboard; sourceTree = "<group>"; };
		5885B94E260414690027EE52 /* Assets.xcassets */ = {isa = PBXFileReference; lastKnownFileType = folder.assetcatalog; path = Assets.xcassets; sourceTree = "<group>"; };
		5885B951260414690027EE52 /* Base */ = {isa = PBXFileReference; lastKnownFileType = file.storyboard; name = Base; path = Base.lproj/LaunchScreen.storyboard; sourceTree = "<group>"; };
		5885B953260414690027EE52 /* Info.plist */ = {isa = PBXFileReference; lastKnownFileType = text.plist.xml; path = Info.plist; sourceTree = "<group>"; };
/* End PBXFileReference section */

/* Begin PBXFrameworksBuildPhase section */
		5885B920260413D70027EE52 /* Frameworks */ = {
			isa = PBXFrameworksBuildPhase;
			buildActionMask = 2147483647;
			files = (
			);
			runOnlyForDeploymentPostprocessing = 0;
		};
		5885B929260413D80027EE52 /* Frameworks */ = {
			isa = PBXFrameworksBuildPhase;
			buildActionMask = 2147483647;
			files = (
				5885B92D260413D80027EE52 /* PFPageControl.framework in Frameworks */,
			);
			runOnlyForDeploymentPostprocessing = 0;
		};
		5885B940260414670027EE52 /* Frameworks */ = {
			isa = PBXFrameworksBuildPhase;
			buildActionMask = 2147483647;
			files = (
			);
			runOnlyForDeploymentPostprocessing = 0;
		};
/* End PBXFrameworksBuildPhase section */

/* Begin PBXGroup section */
		5885B919260413D70027EE52 = {
			isa = PBXGroup;
			children = (
				5885B925260413D70027EE52 /* PFPageControl */,
				5885B930260413D80027EE52 /* PFPageControlTests */,
				5885B944260414670027EE52 /* PFPageControlExamples */,
				5885B924260413D70027EE52 /* Products */,
			);
			sourceTree = "<group>";
		};
		5885B924260413D70027EE52 /* Products */ = {
			isa = PBXGroup;
			children = (
				5885B923260413D70027EE52 /* PFPageControl.framework */,
				5885B92C260413D80027EE52 /* PFPageControlTests.xctest */,
				5885B943260414670027EE52 /* PFPageControlExamples.app */,
			);
			name = Products;
			sourceTree = "<group>";
		};
		5885B925260413D70027EE52 /* PFPageControl */ = {
			isa = PBXGroup;
			children = (
				5885B926260413D70027EE52 /* PFPageControl.h */,
				5885B927260413D70027EE52 /* Info.plist */,
			);
			path = PFPageControl;
			sourceTree = "<group>";
		};
		5885B930260413D80027EE52 /* PFPageControlTests */ = {
			isa = PBXGroup;
			children = (
				5885B931260413D80027EE52 /* PFPageControlTests.swift */,
				5885B933260413D80027EE52 /* Info.plist */,
			);
			path = PFPageControlTests;
			sourceTree = "<group>";
		};
		5885B944260414670027EE52 /* PFPageControlExamples */ = {
			isa = PBXGroup;
			children = (
				5885B945260414670027EE52 /* AppDelegate.swift */,
				5885B947260414670027EE52 /* SceneDelegate.swift */,
				5885B949260414670027EE52 /* ViewController.swift */,
				5885B94B260414670027EE52 /* Main.storyboard */,
				5885B94E260414690027EE52 /* Assets.xcassets */,
				5885B950260414690027EE52 /* LaunchScreen.storyboard */,
				5885B953260414690027EE52 /* Info.plist */,
			);
			path = PFPageControlExamples;
			sourceTree = "<group>";
		};
/* End PBXGroup section */

/* Begin PBXHeadersBuildPhase section */
		5885B91E260413D70027EE52 /* Headers */ = {
			isa = PBXHeadersBuildPhase;
			buildActionMask = 2147483647;
			files = (
				5885B934260413D80027EE52 /* PFPageControl.h in Headers */,
			);
			runOnlyForDeploymentPostprocessing = 0;
		};
/* End PBXHeadersBuildPhase section */

/* Begin PBXNativeTarget section */
		5885B922260413D70027EE52 /* PFPageControl */ = {
			isa = PBXNativeTarget;
			buildConfigurationList = 5885B937260413D80027EE52 /* Build configuration list for PBXNativeTarget "PFPageControl" */;
			buildPhases = (
				5885B91E260413D70027EE52 /* Headers */,
				5885B91F260413D70027EE52 /* Sources */,
				5885B920260413D70027EE52 /* Frameworks */,
				5885B921260413D70027EE52 /* Resources */,
			);
			buildRules = (
			);
			dependencies = (
			);
			name = PFPageControl;
			productName = PFPageControl;
			productReference = 5885B923260413D70027EE52 /* PFPageControl.framework */;
			productType = "com.apple.product-type.framework";
		};
		5885B92B260413D80027EE52 /* PFPageControlTests */ = {
			isa = PBXNativeTarget;
			buildConfigurationList = 5885B93A260413D80027EE52 /* Build configuration list for PBXNativeTarget "PFPageControlTests" */;
			buildPhases = (
				5885B928260413D80027EE52 /* Sources */,
				5885B929260413D80027EE52 /* Frameworks */,
				5885B92A260413D80027EE52 /* Resources */,
			);
			buildRules = (
			);
			dependencies = (
				5885B92F260413D80027EE52 /* PBXTargetDependency */,
			);
			name = PFPageControlTests;
			productName = PFPageControlTests;
			productReference = 5885B92C260413D80027EE52 /* PFPageControlTests.xctest */;
			productType = "com.apple.product-type.bundle.unit-test";
		};
		5885B942260414670027EE52 /* PFPageControlExamples */ = {
			isa = PBXNativeTarget;
			buildConfigurationList = 5885B954260414690027EE52 /* Build configuration list for PBXNativeTarget "PFPageControlExamples" */;
			buildPhases = (
				5885B93F260414670027EE52 /* Sources */,
				5885B940260414670027EE52 /* Frameworks */,
				5885B941260414670027EE52 /* Resources */,
			);
			buildRules = (
			);
			dependencies = (
			);
			name = PFPageControlExamples;
			productName = PFPageControlExamples;
			productReference = 5885B943260414670027EE52 /* PFPageControlExamples.app */;
			productType = "com.apple.product-type.application";
		};
/* End PBXNativeTarget section */

/* Begin PBXProject section */
		5885B91A260413D70027EE52 /* Project object */ = {
			isa = PBXProject;
			attributes = {
				LastSwiftUpdateCheck = 1240;
				LastUpgradeCheck = 1240;
				TargetAttributes = {
					5885B922260413D70027EE52 = {
						CreatedOnToolsVersion = 12.4;
					};
					5885B92B260413D80027EE52 = {
						CreatedOnToolsVersion = 12.4;
					};
					5885B942260414670027EE52 = {
						CreatedOnToolsVersion = 12.4;
					};
				};
			};
			buildConfigurationList = 5885B91D260413D70027EE52 /* Build configuration list for PBXProject "PFPageControl" */;
			compatibilityVersion = "Xcode 9.3";
			developmentRegion = en;
			hasScannedForEncodings = 0;
			knownRegions = (
				en,
				Base,
			);
			mainGroup = 5885B919260413D70027EE52;
			productRefGroup = 5885B924260413D70027EE52 /* Products */;
			projectDirPath = "";
			projectRoot = "";
			targets = (
				5885B922260413D70027EE52 /* PFPageControl */,
				5885B92B260413D80027EE52 /* PFPageControlTests */,
				5885B942260414670027EE52 /* PFPageControlExamples */,
			);
		};
/* End PBXProject section */

/* Begin PBXResourcesBuildPhase section */
		5885B921260413D70027EE52 /* Resources */ = {
			isa = PBXResourcesBuildPhase;
			buildActionMask = 2147483647;
			files = (
			);
			runOnlyForDeploymentPostprocessing = 0;
		};
		5885B92A260413D80027EE52 /* Resources */ = {
			isa = PBXResourcesBuildPhase;
			buildActionMask = 2147483647;
			files = (
			);
			runOnlyForDeploymentPostprocessing = 0;
		};
		5885B941260414670027EE52 /* Resources */ = {
			isa = PBXResourcesBuildPhase;
			buildActionMask = 2147483647;
			files = (
				5885B952260414690027EE52 /* LaunchScreen.storyboard in Resources */,
				5885B94F260414690027EE52 /* Assets.xcassets in Resources */,
				5885B94D260414670027EE52 /* Main.storyboard in Resources */,
			);
			runOnlyForDeploymentPostprocessing = 0;
		};
/* End PBXResourcesBuildPhase section */

/* Begin PBXSourcesBuildPhase section */
		5885B91F260413D70027EE52 /* Sources */ = {
			isa = PBXSourcesBuildPhase;
			buildActionMask = 2147483647;
			files = (
			);
			runOnlyForDeploymentPostprocessing = 0;
		};
		5885B928260413D80027EE52 /* Sources */ = {
			isa = PBXSourcesBuildPhase;
			buildActionMask = 2147483647;
			files = (
				5885B932260413D80027EE52 /* PFPageControlTests.swift in Sources */,
			);
			runOnlyForDeploymentPostprocessing = 0;
		};
		5885B93F260414670027EE52 /* Sources */ = {
			isa = PBXSourcesBuildPhase;
			buildActionMask = 2147483647;
			files = (
				5885B94A260414670027EE52 /* ViewController.swift in Sources */,
				5885B946260414670027EE52 /* AppDelegate.swift in Sources */,
				5885B948260414670027EE52 /* SceneDelegate.swift in Sources */,
			);
			runOnlyForDeploymentPostprocessing = 0;
		};
/* End PBXSourcesBuildPhase section */

/* Begin PBXTargetDependency section */
		5885B92F260413D80027EE52 /* PBXTargetDependency */ = {
			isa = PBXTargetDependency;
			target = 5885B922260413D70027EE52 /* PFPageControl */;
			targetProxy = 5885B92E260413D80027EE52 /* PBXContainerItemProxy */;
		};
/* End PBXTargetDependency section */

/* Begin PBXVariantGroup section */
		5885B94B260414670027EE52 /* Main.storyboard */ = {
			isa = PBXVariantGroup;
			children = (
				5885B94C260414670027EE52 /* Base */,
			);
			name = Main.storyboard;
			sourceTree = "<group>";
		};
		5885B950260414690027EE52 /* LaunchScreen.storyboard */ = {
			isa = PBXVariantGroup;
			children = (
				5885B951260414690027EE52 /* Base */,
			);
			name = LaunchScreen.storyboard;
			sourceTree = "<group>";
		};
/* End PBXVariantGroup section */

/* Begin XCBuildConfiguration section */
		5885B935260413D80027EE52 /* Debug */ = {
			isa = XCBuildConfiguration;
			buildSettings = {
				ALWAYS_SEARCH_USER_PATHS = NO;
				CLANG_ANALYZER_NONNULL = YES;
				CLANG_ANALYZER_NUMBER_OBJECT_CONVERSION = YES_AGGRESSIVE;
				CLANG_CXX_LANGUAGE_STANDARD = "gnu++14";
				CLANG_CXX_LIBRARY = "libc++";
				CLANG_ENABLE_MODULES = YES;
				CLANG_ENABLE_OBJC_ARC = YES;
				CLANG_ENABLE_OBJC_WEAK = YES;
				CLANG_WARN_BLOCK_CAPTURE_AUTORELEASING = YES;
				CLANG_WARN_BOOL_CONVERSION = YES;
				CLANG_WARN_COMMA = YES;
				CLANG_WARN_CONSTANT_CONVERSION = YES;
				CLANG_WARN_DEPRECATED_OBJC_IMPLEMENTATIONS = YES;
				CLANG_WARN_DIRECT_OBJC_ISA_USAGE = YES_ERROR;
				CLANG_WARN_DOCUMENTATION_COMMENTS = YES;
				CLANG_WARN_EMPTY_BODY = YES;
				CLANG_WARN_ENUM_CONVERSION = YES;
				CLANG_WARN_INFINITE_RECURSION = YES;
				CLANG_WARN_INT_CONVERSION = YES;
				CLANG_WARN_NON_LITERAL_NULL_CONVERSION = YES;
				CLANG_WARN_OBJC_IMPLICIT_RETAIN_SELF = YES;
				CLANG_WARN_OBJC_LITERAL_CONVERSION = YES;
				CLANG_WARN_OBJC_ROOT_CLASS = YES_ERROR;
				CLANG_WARN_QUOTED_INCLUDE_IN_FRAMEWORK_HEADER = YES;
				CLANG_WARN_RANGE_LOOP_ANALYSIS = YES;
				CLANG_WARN_STRICT_PROTOTYPES = YES;
				CLANG_WARN_SUSPICIOUS_MOVE = YES;
				CLANG_WARN_UNGUARDED_AVAILABILITY = YES_AGGRESSIVE;
				CLANG_WARN_UNREACHABLE_CODE = YES;
				CLANG_WARN__DUPLICATE_METHOD_MATCH = YES;
				COPY_PHASE_STRIP = NO;
				CURRENT_PROJECT_VERSION = 1;
				DEBUG_INFORMATION_FORMAT = dwarf;
				ENABLE_STRICT_OBJC_MSGSEND = YES;
				ENABLE_TESTABILITY = YES;
				GCC_C_LANGUAGE_STANDARD = gnu11;
				GCC_DYNAMIC_NO_PIC = NO;
				GCC_NO_COMMON_BLOCKS = YES;
				GCC_OPTIMIZATION_LEVEL = 0;
				GCC_PREPROCESSOR_DEFINITIONS = (
					"DEBUG=1",
					"$(inherited)",
				);
				GCC_WARN_64_TO_32_BIT_CONVERSION = YES;
				GCC_WARN_ABOUT_RETURN_TYPE = YES_ERROR;
				GCC_WARN_UNDECLARED_SELECTOR = YES;
				GCC_WARN_UNINITIALIZED_AUTOS = YES_AGGRESSIVE;
				GCC_WARN_UNUSED_FUNCTION = YES;
				GCC_WARN_UNUSED_VARIABLE = YES;
				IPHONEOS_DEPLOYMENT_TARGET = 14.4;
				MTL_ENABLE_DEBUG_INFO = INCLUDE_SOURCE;
				MTL_FAST_MATH = YES;
				ONLY_ACTIVE_ARCH = YES;
				SDKROOT = iphoneos;
				SWIFT_ACTIVE_COMPILATION_CONDITIONS = DEBUG;
				SWIFT_OPTIMIZATION_LEVEL = "-Onone";
				VERSIONING_SYSTEM = "apple-generic";
				VERSION_INFO_PREFIX = "";
			};
			name = Debug;
		};
		5885B936260413D80027EE52 /* Release */ = {
			isa = XCBuildConfiguration;
			buildSettings = {
				ALWAYS_SEARCH_USER_PATHS = NO;
				CLANG_ANALYZER_NONNULL = YES;
				CLANG_ANALYZER_NUMBER_OBJECT_CONVERSION = YES_AGGRESSIVE;
				CLANG_CXX_LANGUAGE_STANDARD = "gnu++14";
				CLANG_CXX_LIBRARY = "libc++";
				CLANG_ENABLE_MODULES = YES;
				CLANG_ENABLE_OBJC_ARC = YES;
				CLANG_ENABLE_OBJC_WEAK = YES;
				CLANG_WARN_BLOCK_CAPTURE_AUTORELEASING = YES;
				CLANG_WARN_BOOL_CONVERSION = YES;
				CLANG_WARN_COMMA = YES;
				CLANG_WARN_CONSTANT_CONVERSION = YES;
				CLANG_WARN_DEPRECATED_OBJC_IMPLEMENTATIONS = YES;
				CLANG_WARN_DIRECT_OBJC_ISA_USAGE = YES_ERROR;
				CLANG_WARN_DOCUMENTATION_COMMENTS = YES;
				CLANG_WARN_EMPTY_BODY = YES;
				CLANG_WARN_ENUM_CONVERSION = YES;
				CLANG_WARN_INFINITE_RECURSION = YES;
				CLANG_WARN_INT_CONVERSION = YES;
				CLANG_WARN_NON_LITERAL_NULL_CONVERSION = YES;
				CLANG_WARN_OBJC_IMPLICIT_RETAIN_SELF = YES;
				CLANG_WARN_OBJC_LITERAL_CONVERSION = YES;
				CLANG_WARN_OBJC_ROOT_CLASS = YES_ERROR;
				CLANG_WARN_QUOTED_INCLUDE_IN_FRAMEWORK_HEADER = YES;
				CLANG_WARN_RANGE_LOOP_ANALYSIS = YES;
				CLANG_WARN_STRICT_PROTOTYPES = YES;
				CLANG_WARN_SUSPICIOUS_MOVE = YES;
				CLANG_WARN_UNGUARDED_AVAILABILITY = YES_AGGRESSIVE;
				CLANG_WARN_UNREACHABLE_CODE = YES;
				CLANG_WARN__DUPLICATE_METHOD_MATCH = YES;
				COPY_PHASE_STRIP = NO;
				CURRENT_PROJECT_VERSION = 1;
				DEBUG_INFORMATION_FORMAT = "dwarf-with-dsym";
				ENABLE_NS_ASSERTIONS = NO;
				ENABLE_STRICT_OBJC_MSGSEND = YES;
				GCC_C_LANGUAGE_STANDARD = gnu11;
				GCC_NO_COMMON_BLOCKS = YES;
				GCC_WARN_64_TO_32_BIT_CONVERSION = YES;
				GCC_WARN_ABOUT_RETURN_TYPE = YES_ERROR;
				GCC_WARN_UNDECLARED_SELECTOR = YES;
				GCC_WARN_UNINITIALIZED_AUTOS = YES_AGGRESSIVE;
				GCC_WARN_UNUSED_FUNCTION = YES;
				GCC_WARN_UNUSED_VARIABLE = YES;
				IPHONEOS_DEPLOYMENT_TARGET = 14.4;
				MTL_ENABLE_DEBUG_INFO = NO;
				MTL_FAST_MATH = YES;
				SDKROOT = iphoneos;
				SWIFT_COMPILATION_MODE = wholemodule;
				SWIFT_OPTIMIZATION_LEVEL = "-O";
				VALIDATE_PRODUCT = YES;
				VERSIONING_SYSTEM = "apple-generic";
				VERSION_INFO_PREFIX = "";
			};
			name = Release;
		};
		5885B938260413D80027EE52 /* Debug */ = {
			isa = XCBuildConfiguration;
			buildSettings = {
				CODE_SIGN_STYLE = Automatic;
				DEFINES_MODULE = YES;
				DYLIB_COMPATIBILITY_VERSION = 1;
				DYLIB_CURRENT_VERSION = 1;
				DYLIB_INSTALL_NAME_BASE = "@rpath";
				INFOPLIST_FILE = PFPageControl/Info.plist;
				INSTALL_PATH = "$(LOCAL_LIBRARY_DIR)/Frameworks";
				LD_RUNPATH_SEARCH_PATHS = (
					"$(inherited)",
					"@executable_path/Frameworks",
					"@loader_path/Frameworks",
				);
				PRODUCT_BUNDLE_IDENTIFIER = co.profi.PFPageControl;
				PRODUCT_NAME = "$(TARGET_NAME:c99extidentifier)";
				SKIP_INSTALL = YES;
				SWIFT_VERSION = 5.0;
				TARGETED_DEVICE_FAMILY = "1,2";
			};
			name = Debug;
		};
		5885B939260413D80027EE52 /* Release */ = {
			isa = XCBuildConfiguration;
			buildSettings = {
				CODE_SIGN_STYLE = Automatic;
				DEFINES_MODULE = YES;
				DYLIB_COMPATIBILITY_VERSION = 1;
				DYLIB_CURRENT_VERSION = 1;
				DYLIB_INSTALL_NAME_BASE = "@rpath";
				INFOPLIST_FILE = PFPageControl/Info.plist;
				INSTALL_PATH = "$(LOCAL_LIBRARY_DIR)/Frameworks";
				LD_RUNPATH_SEARCH_PATHS = (
					"$(inherited)",
					"@executable_path/Frameworks",
					"@loader_path/Frameworks",
				);
				PRODUCT_BUNDLE_IDENTIFIER = co.profi.PFPageControl;
				PRODUCT_NAME = "$(TARGET_NAME:c99extidentifier)";
				SKIP_INSTALL = YES;
				SWIFT_VERSION = 5.0;
				TARGETED_DEVICE_FAMILY = "1,2";
			};
			name = Release;
		};
		5885B93B260413D80027EE52 /* Debug */ = {
			isa = XCBuildConfiguration;
			buildSettings = {
				CODE_SIGN_STYLE = Automatic;
				INFOPLIST_FILE = PFPageControlTests/Info.plist;
				LD_RUNPATH_SEARCH_PATHS = (
					"$(inherited)",
					"@executable_path/Frameworks",
					"@loader_path/Frameworks",
				);
				PRODUCT_BUNDLE_IDENTIFIER = co.profi.PFPageControlTests;
				PRODUCT_NAME = "$(TARGET_NAME)";
				SWIFT_VERSION = 5.0;
				TARGETED_DEVICE_FAMILY = "1,2";
			};
			name = Debug;
		};
		5885B93C260413D80027EE52 /* Release */ = {
			isa = XCBuildConfiguration;
			buildSettings = {
				CODE_SIGN_STYLE = Automatic;
				INFOPLIST_FILE = PFPageControlTests/Info.plist;
				LD_RUNPATH_SEARCH_PATHS = (
					"$(inherited)",
					"@executable_path/Frameworks",
					"@loader_path/Frameworks",
				);
				PRODUCT_BUNDLE_IDENTIFIER = co.profi.PFPageControlTests;
				PRODUCT_NAME = "$(TARGET_NAME)";
				SWIFT_VERSION = 5.0;
				TARGETED_DEVICE_FAMILY = "1,2";
			};
			name = Release;
		};
		5885B955260414690027EE52 /* Debug */ = {
			isa = XCBuildConfiguration;
			buildSettings = {
				ASSETCATALOG_COMPILER_APPICON_NAME = AppIcon;
				ASSETCATALOG_COMPILER_GLOBAL_ACCENT_COLOR_NAME = AccentColor;
				CODE_SIGN_STYLE = Automatic;
				INFOPLIST_FILE = PFPageControlExamples/Info.plist;
				LD_RUNPATH_SEARCH_PATHS = (
					"$(inherited)",
					"@executable_path/Frameworks",
				);
				PRODUCT_BUNDLE_IDENTIFIER = co.profi.PFPageControlExamples;
				PRODUCT_NAME = "$(TARGET_NAME)";
				SWIFT_VERSION = 5.0;
				TARGETED_DEVICE_FAMILY = "1,2";
			};
			name = Debug;
		};
		5885B956260414690027EE52 /* Release */ = {
			isa = XCBuildConfiguration;
			buildSettings = {
				ASSETCATALOG_COMPILER_APPICON_NAME = AppIcon;
				ASSETCATALOG_COMPILER_GLOBAL_ACCENT_COLOR_NAME = AccentColor;
				CODE_SIGN_STYLE = Automatic;
				INFOPLIST_FILE = PFPageControlExamples/Info.plist;
				LD_RUNPATH_SEARCH_PATHS = (
					"$(inherited)",
					"@executable_path/Frameworks",
				);
				PRODUCT_BUNDLE_IDENTIFIER = co.profi.PFPageControlExamples;
				PRODUCT_NAME = "$(TARGET_NAME)";
				SWIFT_VERSION = 5.0;
				TARGETED_DEVICE_FAMILY = "1,2";
			};
			name = Release;
		};
/* End XCBuildConfiguration section */

/* Begin XCConfigurationList section */
		5885B91D260413D70027EE52 /* Build configuration list for PBXProject "PFPageControl" */ = {
			isa = XCConfigurationList;
			buildConfigurations = (
				5885B935260413D80027EE52 /* Debug */,
				5885B936260413D80027EE52 /* Release */,
			);
			defaultConfigurationIsVisible = 0;
			defaultConfigurationName = Release;
		};
		5885B937260413D80027EE52 /* Build configuration list for PBXNativeTarget "PFPageControl" */ = {
			isa = XCConfigurationList;
			buildConfigurations = (
				5885B938260413D80027EE52 /* Debug */,
				5885B939260413D80027EE52 /* Release */,
			);
			defaultConfigurationIsVisible = 0;
			defaultConfigurationName = Release;
		};
		5885B93A260413D80027EE52 /* Build configuration list for PBXNativeTarget "PFPageControlTests" */ = {
			isa = XCConfigurationList;
			buildConfigurations = (
				5885B93B260413D80027EE52 /* Debug */,
				5885B93C260413D80027EE52 /* Release */,
			);
			defaultConfigurationIsVisible = 0;
			defaultConfigurationName = Release;
		};
		5885B954260414690027EE52 /* Build configuration list for PBXNativeTarget "PFPageControlExamples" */ = {
			isa = XCConfigurationList;
			buildConfigurations = (
				5885B955260414690027EE52 /* Debug */,
				5885B956260414690027EE52 /* Release */,
			);
			defaultConfigurationIsVisible = 0;
			defaultConfigurationName = Release;
		};
/* End XCConfigurationList section */
	};
	rootObject = 5885B91A260413D70027EE52 /* Project object */;
}
